
Microsoft Visual Studio Solution File, Format Version 12.00
# Visual Studio Version 16
VisualStudioVersion = 16.0.31112.23
MinimumVisualStudioVersion = 10.0.40219.1
Project("{FAE04EC0-301F-11D3-BF4B-00C04F79EFBC}") = "Task1Lib", "Task1Lib\Task1Lib.csproj", "{56EFFE26-B8E2-41FF-A350-239E28D2F672}"
EndProject
Project("{FAE04EC0-301F-11D3-BF4B-00C04F79EFBC}") = "Task1", "Task1\Task1.csproj", "{807A89D1-670A-4E18-A717-41BB60B7D86F}"
EndProject
Project("{FAE04EC0-301F-11D3-BF4B-00C04F79EFBC}") = "Task2", "Task2\Task2.csproj", "{545B409A-C6E5-4CE0-91C4-F19260EDC72C}"
EndProject
Global
	GlobalSection(SolutionConfigurationPlatforms) = preSolution
		Debug|Any CPU = Debug|Any CPU
		Release|Any CPU = Release|Any CPU
	EndGlobalSection
	GlobalSection(ProjectConfigurationPlatforms) = postSolution
		{56EFFE26-B8E2-41FF-A350-239E28D2F672}.Debug|Any CPU.ActiveCfg = Debug|Any CPU
		{56EFFE26-B8E2-41FF-A350-239E28D2F672}.Debug|Any CPU.Build.0 = Debug|Any CPU
		{56EFFE26-B8E2-41FF-A350-239E28D2F672}.Release|Any CPU.ActiveCfg = Release|Any CPU
		{56EFFE26-B8E2-41FF-A350-239E28D2F672}.Release|Any CPU.Build.0 = Release|Any CPU
		{807A89D1-670A-4E18-A717-41BB60B7D86F}.Debug|Any CPU.ActiveCfg = Debug|Any CPU
		{807A89D1-670A-4E18-A717-41BB60B7D86F}.Debug|Any CPU.Build.0 = Debug|Any CPU
		{807A89D1-670A-4E18-A717-41BB60B7D86F}.Release|Any CPU.ActiveCfg = Release|Any CPU
		{807A89D1-670A-4E18-A717-41BB60B7D86F}.Release|Any CPU.Build.0 = Release|Any CPU
		{545B409A-C6E5-4CE0-91C4-F19260EDC72C}.Debug|Any CPU.ActiveCfg = Debug|Any CPU
		{545B409A-C6E5-4CE0-91C4-F19260EDC72C}.Debug|Any CPU.Build.0 = Debug|Any CPU
		{545B409A-C6E5-4CE0-91C4-F19260EDC72C}.Release|Any CPU.ActiveCfg = Release|Any CPU
		{545B409A-C6E5-4CE0-91C4-F19260EDC72C}.Release|Any CPU.Build.0 = Release|Any CPU
	EndGlobalSection
	GlobalSection(SolutionProperties) = preSolution
		HideSolutionNode = FALSE
	EndGlobalSection
	GlobalSection(ExtensibilityGlobals) = postSolution
		SolutionGuid = {DDEBFE19-7DFF-49F5-8955-6CC6167A964E}
	EndGlobalSection
EndGlobal
