
Microsoft Visual Studio Solution File, Format Version 12.00
# Visual Studio Version 16
VisualStudioVersion = 16.0.31112.23
MinimumVisualStudioVersion = 10.0.40219.1
Project("{FAE04EC0-301F-11D3-BF4B-00C04F79EFBC}") = "Task1", "Task1\Task1.csproj", "{0D16440A-C8A6-4D9D-8F84-63679A43AF21}"
EndProject
Project("{FAE04EC0-301F-11D3-BF4B-00C04F79EFBC}") = "Task2", "Task2\Task2.csproj", "{C455372D-EBB3-4351-B190-7CE1501910D4}"
EndProject
Global
	GlobalSection(SolutionConfigurationPlatforms) = preSolution
		Debug|Any CPU = Debug|Any CPU
		Release|Any CPU = Release|Any CPU
	EndGlobalSection
	GlobalSection(ProjectConfigurationPlatforms) = postSolution
		{0D16440A-C8A6-4D9D-8F84-63679A43AF21}.Debug|Any CPU.ActiveCfg = Debug|Any CPU
		{0D16440A-C8A6-4D9D-8F84-63679A43AF21}.Debug|Any CPU.Build.0 = Debug|Any CPU
		{0D16440A-C8A6-4D9D-8F84-63679A43AF21}.Release|Any CPU.ActiveCfg = Release|Any CPU
		{0D16440A-C8A6-4D9D-8F84-63679A43AF21}.Release|Any CPU.Build.0 = Release|Any CPU
		{C455372D-EBB3-4351-B190-7CE1501910D4}.Debug|Any CPU.ActiveCfg = Debug|Any CPU
		{C455372D-EBB3-4351-B190-7CE1501910D4}.Debug|Any CPU.Build.0 = Debug|Any CPU
		{C455372D-EBB3-4351-B190-7CE1501910D4}.Release|Any CPU.ActiveCfg = Release|Any CPU
		{C455372D-EBB3-4351-B190-7CE1501910D4}.Release|Any CPU.Build.0 = Release|Any CPU
	EndGlobalSection
	GlobalSection(SolutionProperties) = preSolution
		HideSolutionNode = FALSE
	EndGlobalSection
	GlobalSection(ExtensibilityGlobals) = postSolution
		SolutionGuid = {67A33028-A44A-4F18-AFD6-2D9088917716}
	EndGlobalSection
EndGlobal
